Microsoft Visual Studio Solution File, Format Version 12.00
# Visual Studio Version 17
VisualStudioVersion = 17.5.2.0
MinimumVisualStudioVersion = 10.0.40219.1
Project("{FAE04EC0-301F-11D3-BF4B-00C04F79EFBC}") = "BackendOHCP", "BackendOHCP\BackendOHCP.csproj", "{2DFB8549-D45A-AF66-69D6-0D0BBD3331F5}"
EndProject
Global
	GlobalSection(SolutionConfigurationPlatforms) = preSolution
		Debug|Any CPU = Debug|Any CPU
		Release|Any CPU = Release|Any CPU
	EndGlobalSection
	GlobalSection(ProjectConfigurationPlatforms) = postSolution
		{2DFB8549-D45A-AF66-69D6-0D0BBD3331F5}.Debug|Any CPU.ActiveCfg = Debug|Any CPU
		{2DFB8549-D45A-AF66-69D6-0D0BBD3331F5}.Debug|Any CPU.Build.0 = Debug|Any CPU
		{2DFB8549-D45A-AF66-69D6-0D0BBD3331F5}.Release|Any CPU.ActiveCfg = Release|Any CPU
		{2DFB8549-D45A-AF66-69D6-0D0BBD3331F5}.Release|Any CPU.Build.0 = Release|Any CPU
	EndGlobalSection
	GlobalSection(SolutionProperties) = preSolution
		HideSolutionNode = FALSE
	EndGlobalSection
	GlobalSection(ExtensibilityGlobals) = postSolution
		SolutionGuid = {3D6C556D-03EE-49DA-B112-558A9B753041}
	EndGlobalSection
EndGlobal
